
Microsoft Visual Studio Solution File, Format Version 12.00
# Visual Studio Version 17
VisualStudioVersion = 17.14.36221.1 d17.14
MinimumVisualStudioVersion = 10.0.40219.1
Project("{2150E333-8FDC-42A3-9474-1A3956D46DE8}") = "1. Server", "1. Server", "{C8D5274F-AC00-46C7-1F8D-E88E81087A52}"
EndProject
Project("{2150E333-8FDC-42A3-9474-1A3956D46DE8}") = "2. Client", "2. Client", "{E5CD1597-6300-49DF-863E-55C0EFBC7567}"
EndProject
Project("{2150E333-8FDC-42A3-9474-1A3956D46DE8}") = "4. Shared", "4. Shared", "{F9104BEA-0351-4DD2-B982-E419330A5027}"
EndProject
Project("{2150E333-8FDC-42A3-9474-1A3956D46DE8}") = "3. Admin", "3. Admin", "{31D87DFA-F2C0-4F4E-B98B-07EADE9CE489}"
EndProject
Project("{2150E333-8FDC-42A3-9474-1A3956D46DE8}") = "5. Tests", "5. Tests", "{F4F4DB69-ADE0-4852-9577-459B034D39CE}"
EndProject
Project("{8BC9CEB8-8B4A-11D0-8D11-00A0C91BC942}") = "Server", "..\Server\Server.vcxproj", "{A9BFD17D-D63B-4CD6-83A8-AC3BC7B8EB9A}"
EndProject
Project("{8BC9CEB8-8B4A-11D0-8D11-00A0C91BC942}") = "Core", "..\Core\Core.vcxproj", "{2BBF95D6-73CA-4E52-941A-BFE7BB1F0323}"
EndProject
Project("{8BC9CEB8-8B4A-11D0-8D11-00A0C91BC942}") = "Networking", "..\Networking\Networking.vcxproj", "{41B2AB9D-1E51-4D4B-A370-5C919014289A}"
EndProject
Project("{8BC9CEB8-8B4A-11D0-8D11-00A0C91BC942}") = "MFC_Client", "..\MFC_Client\MFC_Client.vcxproj", "{150AB319-1710-7307-6F73-CC7C570FD1B0}"
EndProject
Project("{8BC9CEB8-8B4A-11D0-8D11-00A0C91BC942}") = "Common", "..\Common\Common.vcxproj", "{740FA089-2C75-4806-84D4-897B8CF15142}"
EndProject
Project("{8BC9CEB8-8B4A-11D0-8D11-00A0C91BC942}") = "NexusCore.Tests.Common", "..\NexusCore.Tests.Common\NexusCore.Tests.Common.vcxproj", "{CEDB6747-F13B-38F1-69ED-22BE58C86F9A}"
EndProject
Project("{8BC9CEB8-8B4A-11D0-8D11-00A0C91BC942}") = "NexusCore.Tests.Core", "..\NexusCore.Tests.Core\NexusCore.Tests.Core.vcxproj", "{D3B61C7F-23BA-9C2A-87A3-6F7D4164565D}"
EndProject
Project("{8BC9CEB8-8B4A-11D0-8D11-00A0C91BC942}") = "NexusCore.Tests.Networking", "..\NexusCore.Tests.Networking\NexusCore.Tests.Networking.vcxproj", "{FA2CA155-8502-0AE7-4DC8-D408EE4C3308}"
EndProject
Global
	GlobalSection(SolutionConfigurationPlatforms) = preSolution
		Debug|x64 = Debug|x64
		Debug|x86 = Debug|x86
		Release|x64 = Release|x64
		Release|x86 = Release|x86
	EndGlobalSection
	GlobalSection(ProjectConfigurationPlatforms) = postSolution
		{A9BFD17D-D63B-4CD6-83A8-AC3BC7B8EB9A}.Debug|x64.ActiveCfg = Debug|x64
		{A9BFD17D-D63B-4CD6-83A8-AC3BC7B8EB9A}.Debug|x64.Build.0 = Debug|x64
		{A9BFD17D-D63B-4CD6-83A8-AC3BC7B8EB9A}.Debug|x86.ActiveCfg = Debug|Win32
		{A9BFD17D-D63B-4CD6-83A8-AC3BC7B8EB9A}.Debug|x86.Build.0 = Debug|Win32
		{A9BFD17D-D63B-4CD6-83A8-AC3BC7B8EB9A}.Release|x64.ActiveCfg = Release|x64
		{A9BFD17D-D63B-4CD6-83A8-AC3BC7B8EB9A}.Release|x64.Build.0 = Release|x64
		{A9BFD17D-D63B-4CD6-83A8-AC3BC7B8EB9A}.Release|x86.ActiveCfg = Release|Win32
		{A9BFD17D-D63B-4CD6-83A8-AC3BC7B8EB9A}.Release|x86.Build.0 = Release|Win32
		{2BBF95D6-73CA-4E52-941A-BFE7BB1F0323}.Debug|x64.ActiveCfg = Debug|x64
		{2BBF95D6-73CA-4E52-941A-BFE7BB1F0323}.Debug|x64.Build.0 = Debug|x64
		{2BBF95D6-73CA-4E52-941A-BFE7BB1F0323}.Debug|x86.ActiveCfg = Debug|Win32
		{2BBF95D6-73CA-4E52-941A-BFE7BB1F0323}.Debug|x86.Build.0 = Debug|Win32
		{2BBF95D6-73CA-4E52-941A-BFE7BB1F0323}.Release|x64.ActiveCfg = Release|x64
		{2BBF95D6-73CA-4E52-941A-BFE7BB1F0323}.Release|x64.Build.0 = Release|x64
		{2BBF95D6-73CA-4E52-941A-BFE7BB1F0323}.Release|x86.ActiveCfg = Release|Win32
		{2BBF95D6-73CA-4E52-941A-BFE7BB1F0323}.Release|x86.Build.0 = Release|Win32
		{41B2AB9D-1E51-4D4B-A370-5C919014289A}.Debug|x64.ActiveCfg = Debug|x64
		{41B2AB9D-1E51-4D4B-A370-5C919014289A}.Debug|x64.Build.0 = Debug|x64
		{41B2AB9D-1E51-4D4B-A370-5C919014289A}.Debug|x86.ActiveCfg = Debug|Win32
		{41B2AB9D-1E51-4D4B-A370-5C919014289A}.Debug|x86.Build.0 = Debug|Win32
		{41B2AB9D-1E51-4D4B-A370-5C919014289A}.Release|x64.ActiveCfg = Release|x64
		{41B2AB9D-1E51-4D4B-A370-5C919014289A}.Release|x64.Build.0 = Release|x64
		{41B2AB9D-1E51-4D4B-A370-5C919014289A}.Release|x86.ActiveCfg = Release|Win32
		{41B2AB9D-1E51-4D4B-A370-5C919014289A}.Release|x86.Build.0 = Release|Win32
		{150AB319-1710-7307-6F73-CC7C570FD1B0}.Debug|x64.ActiveCfg = Debug|x64
		{150AB319-1710-7307-6F73-CC7C570FD1B0}.Debug|x64.Build.0 = Debug|x64
		{150AB319-1710-7307-6F73-CC7C570FD1B0}.Debug|x86.ActiveCfg = Debug|Win32
		{150AB319-1710-7307-6F73-CC7C570FD1B0}.Debug|x86.Build.0 = Debug|Win32
		{150AB319-1710-7307-6F73-CC7C570FD1B0}.Release|x64.ActiveCfg = Release|x64
		{150AB319-1710-7307-6F73-CC7C570FD1B0}.Release|x64.Build.0 = Release|x64
		{150AB319-1710-7307-6F73-CC7C570FD1B0}.Release|x86.ActiveCfg = Release|Win32
		{150AB319-1710-7307-6F73-CC7C570FD1B0}.Release|x86.Build.0 = Release|Win32
		{740FA089-2C75-4806-84D4-897B8CF15142}.Debug|x64.ActiveCfg = Debug|x64
		{740FA089-2C75-4806-84D4-897B8CF15142}.Debug|x64.Build.0 = Debug|x64
		{740FA089-2C75-4806-84D4-897B8CF15142}.Debug|x86.ActiveCfg = Debug|Win32
		{740FA089-2C75-4806-84D4-897B8CF15142}.Debug|x86.Build.0 = Debug|Win32
		{740FA089-2C75-4806-84D4-897B8CF15142}.Release|x64.ActiveCfg = Release|x64
		{740FA089-2C75-4806-84D4-897B8CF15142}.Release|x64.Build.0 = Release|x64
		{740FA089-2C75-4806-84D4-897B8CF15142}.Release|x86.ActiveCfg = Release|Win32
		{740FA089-2C75-4806-84D4-897B8CF15142}.Release|x86.Build.0 = Release|Win32
		{CEDB6747-F13B-38F1-69ED-22BE58C86F9A}.Debug|x64.ActiveCfg = Debug|x64
		{CEDB6747-F13B-38F1-69ED-22BE58C86F9A}.Debug|x64.Build.0 = Debug|x64
		{CEDB6747-F13B-38F1-69ED-22BE58C86F9A}.Debug|x86.ActiveCfg = Debug|Win32
		{CEDB6747-F13B-38F1-69ED-22BE58C86F9A}.Debug|x86.Build.0 = Debug|Win32
		{CEDB6747-F13B-38F1-69ED-22BE58C86F9A}.Release|x64.ActiveCfg = Release|x64
		{CEDB6747-F13B-38F1-69ED-22BE58C86F9A}.Release|x64.Build.0 = Release|x64
		{CEDB6747-F13B-38F1-69ED-22BE58C86F9A}.Release|x86.ActiveCfg = Release|Win32
		{CEDB6747-F13B-38F1-69ED-22BE58C86F9A}.Release|x86.Build.0 = Release|Win32
		{D3B61C7F-23BA-9C2A-87A3-6F7D4164565D}.Debug|x64.ActiveCfg = Debug|x64
		{D3B61C7F-23BA-9C2A-87A3-6F7D4164565D}.Debug|x64.Build.0 = Debug|x64
		{D3B61C7F-23BA-9C2A-87A3-6F7D4164565D}.Debug|x86.ActiveCfg = Debug|Win32
		{D3B61C7F-23BA-9C2A-87A3-6F7D4164565D}.Debug|x86.Build.0 = Debug|Win32
		{D3B61C7F-23BA-9C2A-87A3-6F7D4164565D}.Release|x64.ActiveCfg = Release|x64
		{D3B61C7F-23BA-9C2A-87A3-6F7D4164565D}.Release|x64.Build.0 = Release|x64
		{D3B61C7F-23BA-9C2A-87A3-6F7D4164565D}.Release|x86.ActiveCfg = Release|Win32
		{D3B61C7F-23BA-9C2A-87A3-6F7D4164565D}.Release|x86.Build.0 = Release|Win32
		{FA2CA155-8502-0AE7-4DC8-D408EE4C3308}.Debug|x64.ActiveCfg = Debug|x64
		{FA2CA155-8502-0AE7-4DC8-D408EE4C3308}.Debug|x64.Build.0 = Debug|x64
		{FA2CA155-8502-0AE7-4DC8-D408EE4C3308}.Debug|x86.ActiveCfg = Debug|Win32
		{FA2CA155-8502-0AE7-4DC8-D408EE4C3308}.Debug|x86.Build.0 = Debug|Win32
		{FA2CA155-8502-0AE7-4DC8-D408EE4C3308}.Release|x64.ActiveCfg = Release|x64
		{FA2CA155-8502-0AE7-4DC8-D408EE4C3308}.Release|x64.Build.0 = Release|x64
		{FA2CA155-8502-0AE7-4DC8-D408EE4C3308}.Release|x86.ActiveCfg = Release|Win32
		{FA2CA155-8502-0AE7-4DC8-D408EE4C3308}.Release|x86.Build.0 = Release|Win32
	EndGlobalSection
	GlobalSection(SolutionProperties) = preSolution
		HideSolutionNode = FALSE
	EndGlobalSection
	GlobalSection(NestedProjects) = preSolution
		{A9BFD17D-D63B-4CD6-83A8-AC3BC7B8EB9A} = {C8D5274F-AC00-46C7-1F8D-E88E81087A52}
		{2BBF95D6-73CA-4E52-941A-BFE7BB1F0323} = {C8D5274F-AC00-46C7-1F8D-E88E81087A52}
		{41B2AB9D-1E51-4D4B-A370-5C919014289A} = {C8D5274F-AC00-46C7-1F8D-E88E81087A52}
		{150AB319-1710-7307-6F73-CC7C570FD1B0} = {E5CD1597-6300-49DF-863E-55C0EFBC7567}
		{740FA089-2C75-4806-84D4-897B8CF15142} = {F9104BEA-0351-4DD2-B982-E419330A5027}
		{CEDB6747-F13B-38F1-69ED-22BE58C86F9A} = {F4F4DB69-ADE0-4852-9577-459B034D39CE}
		{D3B61C7F-23BA-9C2A-87A3-6F7D4164565D} = {F4F4DB69-ADE0-4852-9577-459B034D39CE}
		{FA2CA155-8502-0AE7-4DC8-D408EE4C3308} = {F4F4DB69-ADE0-4852-9577-459B034D39CE}
	EndGlobalSection
	GlobalSection(ExtensibilityGlobals) = postSolution
		SolutionGuid = {3A497C60-01D5-4360-A7C2-4EF44F664B5E}
	EndGlobalSection
EndGlobal
